
Microsoft Visual Studio Solution File, Format Version 12.00
# Visual Studio 14
VisualStudioVersion = 14.0.24720.0
MinimumVisualStudioVersion = 10.0.40219.1
Project("{FAE04EC0-301F-11D3-BF4B-00C04F79EFBC}") = "PropertyManager.API", "PropertyManager.API\PropertyManager.API.csproj", "{E0997221-A9C1-4C7B-8D6A-6EC30AF8087F}"
EndProject
Global
	GlobalSection(SolutionConfigurationPlatforms) = preSolution
		Debug|Any CPU = Debug|Any CPU
		Release|Any CPU = Release|Any CPU
	EndGlobalSection
	GlobalSection(ProjectConfigurationPlatforms) = postSolution
		{E0997221-A9C1-4C7B-8D6A-6EC30AF8087F}.Debug|Any CPU.ActiveCfg = Debug|Any CPU
		{E0997221-A9C1-4C7B-8D6A-6EC30AF8087F}.Debug|Any CPU.Build.0 = Debug|Any CPU
		{E0997221-A9C1-4C7B-8D6A-6EC30AF8087F}.Release|Any CPU.ActiveCfg = Release|Any CPU
		{E0997221-A9C1-4C7B-8D6A-6EC30AF8087F}.Release|Any CPU.Build.0 = Release|Any CPU
	EndGlobalSection
	GlobalSection(SolutionProperties) = preSolution
		HideSolutionNode = FALSE
	EndGlobalSection
EndGlobal
